
Microsoft Visual Studio Solution File, Format Version 12.00
# Visual Studio Version 16
VisualStudioVersion = 16.0.33130.400
MinimumVisualStudioVersion = 10.0.40219.1
Project("{FAE04EC0-301F-11D3-BF4B-00C04F79EFBC}") = "Composição e lista", "ConsoleApp13\Composição e lista.csproj", "{E5734D06-5A6E-4495-9897-9B7F6D83941A}"
EndProject
Global
	GlobalSection(SolutionConfigurationPlatforms) = preSolution
		Debug|Any CPU = Debug|Any CPU
		Release|Any CPU = Release|Any CPU
	EndGlobalSection
	GlobalSection(ProjectConfigurationPlatforms) = postSolution
		{E5734D06-5A6E-4495-9897-9B7F6D83941A}.Debug|Any CPU.ActiveCfg = Debug|Any CPU
		{E5734D06-5A6E-4495-9897-9B7F6D83941A}.Debug|Any CPU.Build.0 = Debug|Any CPU
		{E5734D06-5A6E-4495-9897-9B7F6D83941A}.Release|Any CPU.ActiveCfg = Release|Any CPU
		{E5734D06-5A6E-4495-9897-9B7F6D83941A}.Release|Any CPU.Build.0 = Release|Any CPU
	EndGlobalSection
	GlobalSection(SolutionProperties) = preSolution
		HideSolutionNode = FALSE
	EndGlobalSection
	GlobalSection(ExtensibilityGlobals) = postSolution
		SolutionGuid = {123F1286-C0EA-4B3E-BA11-B05DD0AE6130}
	EndGlobalSection
EndGlobal
